// !$*UTF8*$!
{
	archiveVersion = 1;
	classes = {
	};
	objectVersion = 50;
	objects = {

/* Begin PBXBuildFile section */
		1B5C0F1C22D63B1000212776 /* PersonToRegister.swift in Sources */ = {isa = PBXBuildFile; fileRef = 1B5C0F1B22D63B1000212776 /* PersonToRegister.swift */; };
		1B72FD0622D0F63700A73D22 /* RegistrationVC.swift in Sources */ = {isa = PBXBuildFile; fileRef = 1B72FD0522D0F63700A73D22 /* RegistrationVC.swift */; };
		1B72FD0A22D1200900A73D22 /* SearchVC.swift in Sources */ = {isa = PBXBuildFile; fileRef = 1B72FD0922D1200900A73D22 /* SearchVC.swift */; };
		1B72FD1422D1425E00A73D22 /* BuyVC.swift in Sources */ = {isa = PBXBuildFile; fileRef = 1B72FD1322D1425E00A73D22 /* BuyVC.swift */; };
		1B72FD1622D17F3100A73D22 /* WebVC.swift in Sources */ = {isa = PBXBuildFile; fileRef = 1B72FD1522D17F3100A73D22 /* WebVC.swift */; };
		1B72FD1822D18E5600A73D22 /* CheckVC.swift in Sources */ = {isa = PBXBuildFile; fileRef = 1B72FD1722D18E5600A73D22 /* CheckVC.swift */; };
		1B72FD1A22D1976D00A73D22 /* HelpVC.swift in Sources */ = {isa = PBXBuildFile; fileRef = 1B72FD1922D1976D00A73D22 /* HelpVC.swift */; };
		1B72FD1C22D19DDC00A73D22 /* LoginVC.swift in Sources */ = {isa = PBXBuildFile; fileRef = 1B72FD1B22D19DDC00A73D22 /* LoginVC.swift */; };
		1B72FD1E22D1A6C500A73D22 /* OnlineRegisterVC.swift in Sources */ = {isa = PBXBuildFile; fileRef = 1B72FD1D22D1A6C500A73D22 /* OnlineRegisterVC.swift */; };
		1B84E8FC22D09B9200CA098C /* AppDelegate.swift in Sources */ = {isa = PBXBuildFile; fileRef = 1B84E8FB22D09B9200CA098C /* AppDelegate.swift */; };
		1B84E90122D09B9200CA098C /* Main.storyboard in Resources */ = {isa = PBXBuildFile; fileRef = 1B84E8FF22D09B9200CA098C /* Main.storyboard */; };
		1B84E90322D09B9300CA098C /* Assets.xcassets in Resources */ = {isa = PBXBuildFile; fileRef = 1B84E90222D09B9300CA098C /* Assets.xcassets */; };
		1B84E90622D09B9300CA098C /* LaunchScreen.storyboard in Resources */ = {isa = PBXBuildFile; fileRef = 1B84E90422D09B9300CA098C /* LaunchScreen.storyboard */; };
		1B84E91222D09CAF00CA098C /* Constants.swift in Sources */ = {isa = PBXBuildFile; fileRef = 1B84E91122D09CAF00CA098C /* Constants.swift */; };
		1BB720A422D1B86500DFE673 /* InfoViewController.swift in Sources */ = {isa = PBXBuildFile; fileRef = 1BB720A322D1B86500DFE673 /* InfoViewController.swift */; };
		1BE323BD22D6100100BD0854 /* Buy.storyboard in Resources */ = {isa = PBXBuildFile; fileRef = 1BE323BC22D6100100BD0854 /* Buy.storyboard */; };
		1BE323BF22D6100F00BD0854 /* Register.storyboard in Resources */ = {isa = PBXBuildFile; fileRef = 1BE323BE22D6100F00BD0854 /* Register.storyboard */; };
		1BE323C122D6101E00BD0854 /* Help.storyboard in Resources */ = {isa = PBXBuildFile; fileRef = 1BE323C022D6101E00BD0854 /* Help.storyboard */; };
		1BE323C322D6102F00BD0854 /* Status.storyboard in Resources */ = {isa = PBXBuildFile; fileRef = 1BE323C222D6102F00BD0854 /* Status.storyboard */; };
		1BE323C522D6103B00BD0854 /* Auth.storyboard in Resources */ = {isa = PBXBuildFile; fileRef = 1BE323C422D6103B00BD0854 /* Auth.storyboard */; };
		1BE323C722D61ACA00BD0854 /* StructsForJSON.swift in Sources */ = {isa = PBXBuildFile; fileRef = 1BE323C622D61ACA00BD0854 /* StructsForJSON.swift */; };
		CC2785F940983FF044075380 /* libPods-flyArystan.a in Frameworks */ = {isa = PBXBuildFile; fileRef = 929DDA5DCAFDFB08B8B3433A /* libPods-flyArystan.a */; };
/* End PBXBuildFile section */

/* Begin PBXFileReference section */
		0964CEA77F888FC2E54AF279 /* Pods-flyArystan.release.xcconfig */ = {isa = PBXFileReference; includeInIndex = 1; lastKnownFileType = text.xcconfig; name = "Pods-flyArystan.release.xcconfig"; path = "Target Support Files/Pods-flyArystan/Pods-flyArystan.release.xcconfig"; sourceTree = "<group>"; };
		1953DBB54BFE0DDF0CF518FF /* Pods-flyArystan.debug.xcconfig */ = {isa = PBXFileReference; includeInIndex = 1; lastKnownFileType = text.xcconfig; name = "Pods-flyArystan.debug.xcconfig"; path = "Target Support Files/Pods-flyArystan/Pods-flyArystan.debug.xcconfig"; sourceTree = "<group>"; };
		1B5C0F1B22D63B1000212776 /* PersonToRegister.swift */ = {isa = PBXFileReference; fileEncoding = 4; lastKnownFileType = sourcecode.swift; path = PersonToRegister.swift; sourceTree = "<group>"; };
		1B72FD0522D0F63700A73D22 /* RegistrationVC.swift */ = {isa = PBXFileReference; lastKnownFileType = sourcecode.swift; path = RegistrationVC.swift; sourceTree = "<group>"; };
		1B72FD0922D1200900A73D22 /* SearchVC.swift */ = {isa = PBXFileReference; lastKnownFileType = sourcecode.swift; path = SearchVC.swift; sourceTree = "<group>"; };
		1B72FD1322D1425E00A73D22 /* BuyVC.swift */ = {isa = PBXFileReference; lastKnownFileType = sourcecode.swift; path = BuyVC.swift; sourceTree = "<group>"; };
		1B72FD1522D17F3100A73D22 /* WebVC.swift */ = {isa = PBXFileReference; lastKnownFileType = sourcecode.swift; path = WebVC.swift; sourceTree = "<group>"; };
		1B72FD1722D18E5600A73D22 /* CheckVC.swift */ = {isa = PBXFileReference; lastKnownFileType = sourcecode.swift; path = CheckVC.swift; sourceTree = "<group>"; };
		1B72FD1922D1976D00A73D22 /* HelpVC.swift */ = {isa = PBXFileReference; lastKnownFileType = sourcecode.swift; path = HelpVC.swift; sourceTree = "<group>"; };
		1B72FD1B22D19DDC00A73D22 /* LoginVC.swift */ = {isa = PBXFileReference; lastKnownFileType = sourcecode.swift; path = LoginVC.swift; sourceTree = "<group>"; };
		1B72FD1D22D1A6C500A73D22 /* OnlineRegisterVC.swift */ = {isa = PBXFileReference; lastKnownFileType = sourcecode.swift; path = OnlineRegisterVC.swift; sourceTree = "<group>"; };
		1B84E8F822D09B9200CA098C /* flyArystan.app */ = {isa = PBXFileReference; explicitFileType = wrapper.application; includeInIndex = 0; path = flyArystan.app; sourceTree = BUILT_PRODUCTS_DIR; };
		1B84E8FB22D09B9200CA098C /* AppDelegate.swift */ = {isa = PBXFileReference; lastKnownFileType = sourcecode.swift; path = AppDelegate.swift; sourceTree = "<group>"; };
		1B84E90022D09B9200CA098C /* Base */ = {isa = PBXFileReference; lastKnownFileType = file.storyboard; name = Base; path = Base.lproj/Main.storyboard; sourceTree = "<group>"; };
		1B84E90222D09B9300CA098C /* Assets.xcassets */ = {isa = PBXFileReference; lastKnownFileType = folder.assetcatalog; path = Assets.xcassets; sourceTree = "<group>"; };
		1B84E90522D09B9300CA098C /* Base */ = {isa = PBXFileReference; lastKnownFileType = file.storyboard; name = Base; path = Base.lproj/LaunchScreen.storyboard; sourceTree = "<group>"; };
		1B84E90722D09B9300CA098C /* Info.plist */ = {isa = PBXFileReference; lastKnownFileType = text.plist.xml; path = Info.plist; sourceTree = "<group>"; };
		1B84E91122D09CAF00CA098C /* Constants.swift */ = {isa = PBXFileReference; lastKnownFileType = sourcecode.swift; path = Constants.swift; sourceTree = "<group>"; };
		1BB720A322D1B86500DFE673 /* InfoViewController.swift */ = {isa = PBXFileReference; lastKnownFileType = sourcecode.swift; path = InfoViewController.swift; sourceTree = "<group>"; };
		1BE323BC22D6100100BD0854 /* Buy.storyboard */ = {isa = PBXFileReference; lastKnownFileType = file.storyboard; path = Buy.storyboard; sourceTree = "<group>"; };
		1BE323BE22D6100F00BD0854 /* Register.storyboard */ = {isa = PBXFileReference; lastKnownFileType = file.storyboard; path = Register.storyboard; sourceTree = "<group>"; };
		1BE323C022D6101E00BD0854 /* Help.storyboard */ = {isa = PBXFileReference; lastKnownFileType = file.storyboard; path = Help.storyboard; sourceTree = "<group>"; };
		1BE323C222D6102F00BD0854 /* Status.storyboard */ = {isa = PBXFileReference; lastKnownFileType = file.storyboard; path = Status.storyboard; sourceTree = "<group>"; };
		1BE323C422D6103B00BD0854 /* Auth.storyboard */ = {isa = PBXFileReference; lastKnownFileType = file.storyboard; path = Auth.storyboard; sourceTree = "<group>"; };
		1BE323C622D61ACA00BD0854 /* StructsForJSON.swift */ = {isa = PBXFileReference; lastKnownFileType = sourcecode.swift; path = StructsForJSON.swift; sourceTree = "<group>"; };
		929DDA5DCAFDFB08B8B3433A /* libPods-flyArystan.a */ = {isa = PBXFileReference; explicitFileType = archive.ar; includeInIndex = 0; path = "libPods-flyArystan.a"; sourceTree = BUILT_PRODUCTS_DIR; };
/* End PBXFileReference section */

/* Begin PBXFrameworksBuildPhase section */
		1B84E8F522D09B9200CA098C /* Frameworks */ = {
			isa = PBXFrameworksBuildPhase;
			buildActionMask = 2147483647;
			files = (
				CC2785F940983FF044075380 /* libPods-flyArystan.a in Frameworks */,
			);
			runOnlyForDeploymentPostprocessing = 0;
		};
/* End PBXFrameworksBuildPhase section */

/* Begin PBXGroup section */
		1B84E8EF22D09B9200CA098C = {
			isa = PBXGroup;
			children = (
				1B84E8FA22D09B9200CA098C /* flyArystan */,
				1B84E8F922D09B9200CA098C /* Products */,
				FB30612DA9214C20F24EEE46 /* Pods */,
				6A7477DB70D0CC44943132F2 /* Frameworks */,
			);
			sourceTree = "<group>";
		};
		1B84E8F922D09B9200CA098C /* Products */ = {
			isa = PBXGroup;
			children = (
				1B84E8F822D09B9200CA098C /* flyArystan.app */,
			);
			name = Products;
			sourceTree = "<group>";
		};
		1B84E8FA22D09B9200CA098C /* flyArystan */ = {
			isa = PBXGroup;
			children = (
				1BE323BB22D60FA500BD0854 /* storyboards */,
				1B84E90F22D09C9200CA098C /* Model */,
				1B84E90E22D09C8B00CA098C /* View */,
				1B84E90D22D09C8300CA098C /* Controller */,
				1B84E8FB22D09B9200CA098C /* AppDelegate.swift */,
				1B84E90222D09B9300CA098C /* Assets.xcassets */,
				1B84E90722D09B9300CA098C /* Info.plist */,
			);
			path = flyArystan;
			sourceTree = "<group>";
		};
		1B84E90D22D09C8300CA098C /* Controller */ = {
			isa = PBXGroup;
			children = (
				1B72FD0522D0F63700A73D22 /* RegistrationVC.swift */,
				1B72FD0922D1200900A73D22 /* SearchVC.swift */,
				1B72FD1322D1425E00A73D22 /* BuyVC.swift */,
				1B72FD1522D17F3100A73D22 /* WebVC.swift */,
				1B72FD1722D18E5600A73D22 /* CheckVC.swift */,
				1B72FD1922D1976D00A73D22 /* HelpVC.swift */,
				1B72FD1B22D19DDC00A73D22 /* LoginVC.swift */,
				1B72FD1D22D1A6C500A73D22 /* OnlineRegisterVC.swift */,
				1BB720A322D1B86500DFE673 /* InfoViewController.swift */,
			);
			path = Controller;
			sourceTree = "<group>";
		};
		1B84E90E22D09C8B00CA098C /* View */ = {
			isa = PBXGroup;
			children = (
			);
			path = View;
			sourceTree = "<group>";
		};
		1B84E90F22D09C9200CA098C /* Model */ = {
			isa = PBXGroup;
			children = (
				1B5C0F1B22D63B1000212776 /* PersonToRegister.swift */,
				1B84E91122D09CAF00CA098C /* Constants.swift */,
				1BE323C622D61ACA00BD0854 /* StructsForJSON.swift */,
			);
			path = Model;
			sourceTree = "<group>";
		};
		1BE323BB22D60FA500BD0854 /* storyboards */ = {
			isa = PBXGroup;
			children = (
				1B84E90422D09B9300CA098C /* LaunchScreen.storyboard */,
				1B84E8FF22D09B9200CA098C /* Main.storyboard */,
				1BE323BC22D6100100BD0854 /* Buy.storyboard */,
				1BE323BE22D6100F00BD0854 /* Register.storyboard */,
				1BE323C022D6101E00BD0854 /* Help.storyboard */,
				1BE323C222D6102F00BD0854 /* Status.storyboard */,
				1BE323C422D6103B00BD0854 /* Auth.storyboard */,
			);
			path = storyboards;
			sourceTree = "<group>";
		};
		6A7477DB70D0CC44943132F2 /* Frameworks */ = {
			isa = PBXGroup;
			children = (
				929DDA5DCAFDFB08B8B3433A /* libPods-flyArystan.a */,
			);
			name = Frameworks;
			sourceTree = "<group>";
		};
		FB30612DA9214C20F24EEE46 /* Pods */ = {
			isa = PBXGroup;
			children = (
				1953DBB54BFE0DDF0CF518FF /* Pods-flyArystan.debug.xcconfig */,
				0964CEA77F888FC2E54AF279 /* Pods-flyArystan.release.xcconfig */,
			);
			path = Pods;
			sourceTree = "<group>";
		};
/* End PBXGroup section */

/* Begin PBXNativeTarget section */
		1B84E8F722D09B9200CA098C /* flyArystan */ = {
			isa = PBXNativeTarget;
			buildConfigurationList = 1B84E90A22D09B9300CA098C /* Build configuration list for PBXNativeTarget "flyArystan" */;
			buildPhases = (
				9FF878DC98CD4E65078826B7 /* [CP] Check Pods Manifest.lock */,
				1B84E8F422D09B9200CA098C /* Sources */,
				1B84E8F522D09B9200CA098C /* Frameworks */,
				1B84E8F622D09B9200CA098C /* Resources */,
			);
			buildRules = (
			);
			dependencies = (
			);
			name = flyArystan;
			productName = flyArystan;
			productReference = 1B84E8F822D09B9200CA098C /* flyArystan.app */;
			productType = "com.apple.product-type.application";
		};
/* End PBXNativeTarget section */

/* Begin PBXProject section */
		1B84E8F022D09B9200CA098C /* Project object */ = {
			isa = PBXProject;
			attributes = {
				LastSwiftUpdateCheck = 1020;
				LastUpgradeCheck = 1020;
				ORGANIZATIONNAME = "Абылайхан";
				TargetAttributes = {
					1B84E8F722D09B9200CA098C = {
						CreatedOnToolsVersion = 10.2.1;
					};
				};
			};
			buildConfigurationList = 1B84E8F322D09B9200CA098C /* Build configuration list for PBXProject "flyArystan" */;
			compatibilityVersion = "Xcode 9.3";
			developmentRegion = en;
			hasScannedForEncodings = 0;
			knownRegions = (
				en,
				Base,
			);
			mainGroup = 1B84E8EF22D09B9200CA098C;
			productRefGroup = 1B84E8F922D09B9200CA098C /* Products */;
			projectDirPath = "";
			projectRoot = "";
			targets = (
				1B84E8F722D09B9200CA098C /* flyArystan */,
			);
		};
/* End PBXProject section */

/* Begin PBXResourcesBuildPhase section */
		1B84E8F622D09B9200CA098C /* Resources */ = {
			isa = PBXResourcesBuildPhase;
			buildActionMask = 2147483647;
			files = (
				1BE323C522D6103B00BD0854 /* Auth.storyboard in Resources */,
				1B84E90622D09B9300CA098C /* LaunchScreen.storyboard in Resources */,
				1BE323C122D6101E00BD0854 /* Help.storyboard in Resources */,
				1BE323BD22D6100100BD0854 /* Buy.storyboard in Resources */,
				1B84E90322D09B9300CA098C /* Assets.xcassets in Resources */,
				1B84E90122D09B9200CA098C /* Main.storyboard in Resources */,
				1BE323C322D6102F00BD0854 /* Status.storyboard in Resources */,
				1BE323BF22D6100F00BD0854 /* Register.storyboard in Resources */,
			);
			runOnlyForDeploymentPostprocessing = 0;
		};
/* End PBXResourcesBuildPhase section */

/* Begin PBXShellScriptBuildPhase section */
		9FF878DC98CD4E65078826B7 /* [CP] Check Pods Manifest.lock */ = {
			isa = PBXShellScriptBuildPhase;
			buildActionMask = 2147483647;
			files = (
			);
			inputFileListPaths = (
			);
			inputPaths = (
				"${PODS_PODFILE_DIR_PATH}/Podfile.lock",
				"${PODS_ROOT}/Manifest.lock",
			);
			name = "[CP] Check Pods Manifest.lock";
			outputFileListPaths = (
			);
			outputPaths = (
				"$(DERIVED_FILE_DIR)/Pods-flyArystan-checkManifestLockResult.txt",
			);
			runOnlyForDeploymentPostprocessing = 0;
			shellPath = /bin/sh;
			shellScript = "diff \"${PODS_PODFILE_DIR_PATH}/Podfile.lock\" \"${PODS_ROOT}/Manifest.lock\" > /dev/null\nif [ $? != 0 ] ; then\n    # print error to STDERR\n    echo \"error: The sandbox is not in sync with the Podfile.lock. Run 'pod install' or update your CocoaPods installation.\" >&2\n    exit 1\nfi\n# This output is used by Xcode 'outputs' to avoid re-running this script phase.\necho \"SUCCESS\" > \"${SCRIPT_OUTPUT_FILE_0}\"\n";
			showEnvVarsInLog = 0;
		};
/* End PBXShellScriptBuildPhase section */

/* Begin PBXSourcesBuildPhase section */
		1B84E8F422D09B9200CA098C /* Sources */ = {
			isa = PBXSourcesBuildPhase;
			buildActionMask = 2147483647;
			files = (
				1B72FD1422D1425E00A73D22 /* BuyVC.swift in Sources */,
				1BB720A422D1B86500DFE673 /* InfoViewController.swift in Sources */,
				1B72FD1A22D1976D00A73D22 /* HelpVC.swift in Sources */,
				1B72FD0A22D1200900A73D22 /* SearchVC.swift in Sources */,
				1BE323C722D61ACA00BD0854 /* StructsForJSON.swift in Sources */,
				1B72FD1822D18E5600A73D22 /* CheckVC.swift in Sources */,
				1B84E8FC22D09B9200CA098C /* AppDelegate.swift in Sources */,
				1B72FD1C22D19DDC00A73D22 /* LoginVC.swift in Sources */,
				1B5C0F1C22D63B1000212776 /* PersonToRegister.swift in Sources */,
				1B72FD1E22D1A6C500A73D22 /* OnlineRegisterVC.swift in Sources */,
				1B72FD1622D17F3100A73D22 /* WebVC.swift in Sources */,
				1B72FD0622D0F63700A73D22 /* RegistrationVC.swift in Sources */,
				1B84E91222D09CAF00CA098C /* Constants.swift in Sources */,
			);
			runOnlyForDeploymentPostprocessing = 0;
		};
/* End PBXSourcesBuildPhase section */

/* Begin PBXVariantGroup section */
		1B84E8FF22D09B9200CA098C /* Main.storyboard */ = {
			isa = PBXVariantGroup;
			children = (
				1B84E90022D09B9200CA098C /* Base */,
			);
			name = Main.storyboard;
			sourceTree = "<group>";
		};
		1B84E90422D09B9300CA098C /* LaunchScreen.storyboard */ = {
			isa = PBXVariantGroup;
			children = (
				1B84E90522D09B9300CA098C /* Base */,
			);
			name = LaunchScreen.storyboard;
			sourceTree = "<group>";
		};
/* End PBXVariantGroup section */

/* Begin XCBuildConfiguration section */
		1B84E90822D09B9300CA098C /* Debug */ = {
			isa = XCBuildConfiguration;
			buildSettings = {
				ALWAYS_SEARCH_USER_PATHS = NO;
				CLANG_ANALYZER_NONNULL = YES;
				CLANG_ANALYZER_NUMBER_OBJECT_CONVERSION = YES_AGGRESSIVE;
				CLANG_CXX_LANGUAGE_STANDARD = "gnu++14";
				CLANG_CXX_LIBRARY = "libc++";
				CLANG_ENABLE_MODULES = YES;
				CLANG_ENABLE_OBJC_ARC = YES;
				CLANG_ENABLE_OBJC_WEAK = YES;
				CLANG_WARN_BLOCK_CAPTURE_AUTORELEASING = YES;
				CLANG_WARN_BOOL_CONVERSION = YES;
				CLANG_WARN_COMMA = YES;
				CLANG_WARN_CONSTANT_CONVERSION = YES;
				CLANG_WARN_DEPRECATED_OBJC_IMPLEMENTATIONS = YES;
				CLANG_WARN_DIRECT_OBJC_ISA_USAGE = YES_ERROR;
				CLANG_WARN_DOCUMENTATION_COMMENTS = YES;
				CLANG_WARN_EMPTY_BODY = YES;
				CLANG_WARN_ENUM_CONVERSION = YES;
				CLANG_WARN_INFINITE_RECURSION = YES;
				CLANG_WARN_INT_CONVERSION = YES;
				CLANG_WARN_NON_LITERAL_NULL_CONVERSION = YES;
				CLANG_WARN_OBJC_IMPLICIT_RETAIN_SELF = YES;
				CLANG_WARN_OBJC_LITERAL_CONVERSION = YES;
				CLANG_WARN_OBJC_ROOT_CLASS = YES_ERROR;
				CLANG_WARN_RANGE_LOOP_ANALYSIS = YES;
				CLANG_WARN_STRICT_PROTOTYPES = YES;
				CLANG_WARN_SUSPICIOUS_MOVE = YES;
				CLANG_WARN_UNGUARDED_AVAILABILITY = YES_AGGRESSIVE;
				CLANG_WARN_UNREACHABLE_CODE = YES;
				CLANG_WARN__DUPLICATE_METHOD_MATCH = YES;
				CODE_SIGN_IDENTITY = "iPhone Developer";
				COPY_PHASE_STRIP = NO;
				DEBUG_INFORMATION_FORMAT = dwarf;
				ENABLE_STRICT_OBJC_MSGSEND = YES;
				ENABLE_TESTABILITY = YES;
				GCC_C_LANGUAGE_STANDARD = gnu11;
				GCC_DYNAMIC_NO_PIC = NO;
				GCC_NO_COMMON_BLOCKS = YES;
				GCC_OPTIMIZATION_LEVEL = 0;
				GCC_PREPROCESSOR_DEFINITIONS = (
					"DEBUG=1",
					"$(inherited)",
				);
				GCC_WARN_64_TO_32_BIT_CONVERSION = YES;
				GCC_WARN_ABOUT_RETURN_TYPE = YES_ERROR;
				GCC_WARN_UNDECLARED_SELECTOR = YES;
				GCC_WARN_UNINITIALIZED_AUTOS = YES_AGGRESSIVE;
				GCC_WARN_UNUSED_FUNCTION = YES;
				GCC_WARN_UNUSED_VARIABLE = YES;
				IPHONEOS_DEPLOYMENT_TARGET = 12.2;
				MTL_ENABLE_DEBUG_INFO = INCLUDE_SOURCE;
				MTL_FAST_MATH = YES;
				ONLY_ACTIVE_ARCH = YES;
				SDKROOT = iphoneos;
				SWIFT_ACTIVE_COMPILATION_CONDITIONS = DEBUG;
				SWIFT_OPTIMIZATION_LEVEL = "-Onone";
			};
			name = Debug;
		};
		1B84E90922D09B9300CA098C /* Release */ = {
			isa = XCBuildConfiguration;
			buildSettings = {
				ALWAYS_SEARCH_USER_PATHS = NO;
				CLANG_ANALYZER_NONNULL = YES;
				CLANG_ANALYZER_NUMBER_OBJECT_CONVERSION = YES_AGGRESSIVE;
				CLANG_CXX_LANGUAGE_STANDARD = "gnu++14";
				CLANG_CXX_LIBRARY = "libc++";
				CLANG_ENABLE_MODULES = YES;
				CLANG_ENABLE_OBJC_ARC = YES;
				CLANG_ENABLE_OBJC_WEAK = YES;
				CLANG_WARN_BLOCK_CAPTURE_AUTORELEASING = YES;
				CLANG_WARN_BOOL_CONVERSION = YES;
				CLANG_WARN_COMMA = YES;
				CLANG_WARN_CONSTANT_CONVERSION = YES;
				CLANG_WARN_DEPRECATED_OBJC_IMPLEMENTATIONS = YES;
				CLANG_WARN_DIRECT_OBJC_ISA_USAGE = YES_ERROR;
				CLANG_WARN_DOCUMENTATION_COMMENTS = YES;
				CLANG_WARN_EMPTY_BODY = YES;
				CLANG_WARN_ENUM_CONVERSION = YES;
				CLANG_WARN_INFINITE_RECURSION = YES;
				CLANG_WARN_INT_CONVERSION = YES;
				CLANG_WARN_NON_LITERAL_NULL_CONVERSION = YES;
				CLANG_WARN_OBJC_IMPLICIT_RETAIN_SELF = YES;
				CLANG_WARN_OBJC_LITERAL_CONVERSION = YES;
				CLANG_WARN_OBJC_ROOT_CLASS = YES_ERROR;
				CLANG_WARN_RANGE_LOOP_ANALYSIS = YES;
				CLANG_WARN_STRICT_PROTOTYPES = YES;
				CLANG_WARN_SUSPICIOUS_MOVE = YES;
				CLANG_WARN_UNGUARDED_AVAILABILITY = YES_AGGRESSIVE;
				CLANG_WARN_UNREACHABLE_CODE = YES;
				CLANG_WARN__DUPLICATE_METHOD_MATCH = YES;
				CODE_SIGN_IDENTITY = "iPhone Developer";
				COPY_PHASE_STRIP = NO;
				DEBUG_INFORMATION_FORMAT = "dwarf-with-dsym";
				ENABLE_NS_ASSERTIONS = NO;
				ENABLE_STRICT_OBJC_MSGSEND = YES;
				GCC_C_LANGUAGE_STANDARD = gnu11;
				GCC_NO_COMMON_BLOCKS = YES;
				GCC_WARN_64_TO_32_BIT_CONVERSION = YES;
				GCC_WARN_ABOUT_RETURN_TYPE = YES_ERROR;
				GCC_WARN_UNDECLARED_SELECTOR = YES;
				GCC_WARN_UNINITIALIZED_AUTOS = YES_AGGRESSIVE;
				GCC_WARN_UNUSED_FUNCTION = YES;
				GCC_WARN_UNUSED_VARIABLE = YES;
				IPHONEOS_DEPLOYMENT_TARGET = 12.2;
				MTL_ENABLE_DEBUG_INFO = NO;
				MTL_FAST_MATH = YES;
				SDKROOT = iphoneos;
				SWIFT_COMPILATION_MODE = wholemodule;
				SWIFT_OPTIMIZATION_LEVEL = "-O";
				VALIDATE_PRODUCT = YES;
			};
			name = Release;
		};
		1B84E90B22D09B9300CA098C /* Debug */ = {
			isa = XCBuildConfiguration;
			baseConfigurationReference = 1953DBB54BFE0DDF0CF518FF /* Pods-flyArystan.debug.xcconfig */;
			buildSettings = {
				ASSETCATALOG_COMPILER_APPICON_NAME = AppIcon;
				CODE_SIGN_STYLE = Automatic;
				DEVELOPMENT_TEAM = PGH5NL8BP2;
				INFOPLIST_FILE = flyArystan/Info.plist;
				LD_RUNPATH_SEARCH_PATHS = (
					"$(inherited)",
					"@executable_path/Frameworks",
				);
				PRODUCT_BUNDLE_IDENTIFIER = com.work.flyArystan;
				PRODUCT_NAME = "$(TARGET_NAME)";
				SWIFT_VERSION = 5.0;
				TARGETED_DEVICE_FAMILY = "1,2";
			};
			name = Debug;
		};
		1B84E90C22D09B9300CA098C /* Release */ = {
			isa = XCBuildConfiguration;
			baseConfigurationReference = 0964CEA77F888FC2E54AF279 /* Pods-flyArystan.release.xcconfig */;
			buildSettings = {
				ASSETCATALOG_COMPILER_APPICON_NAME = AppIcon;
				CODE_SIGN_STYLE = Automatic;
				DEVELOPMENT_TEAM = PGH5NL8BP2;
				INFOPLIST_FILE = flyArystan/Info.plist;
				LD_RUNPATH_SEARCH_PATHS = (
					"$(inherited)",
					"@executable_path/Frameworks",
				);
				PRODUCT_BUNDLE_IDENTIFIER = com.work.flyArystan;
				PRODUCT_NAME = "$(TARGET_NAME)";
				SWIFT_VERSION = 5.0;
				TARGETED_DEVICE_FAMILY = "1,2";
			};
			name = Release;
		};
/* End XCBuildConfiguration section */

/* Begin XCConfigurationList section */
		1B84E8F322D09B9200CA098C /* Build configuration list for PBXProject "flyArystan" */ = {
			isa = XCConfigurationList;
			buildConfigurations = (
				1B84E90822D09B9300CA098C /* Debug */,
				1B84E90922D09B9300CA098C /* Release */,
			);
			defaultConfigurationIsVisible = 0;
			defaultConfigurationName = Release;
		};
		1B84E90A22D09B9300CA098C /* Build configuration list for PBXNativeTarget "flyArystan" */ = {
			isa = XCConfigurationList;
			buildConfigurations = (
				1B84E90B22D09B9300CA098C /* Debug */,
				1B84E90C22D09B9300CA098C /* Release */,
			);
			defaultConfigurationIsVisible = 0;
			defaultConfigurationName = Release;
		};
/* End XCConfigurationList section */
	};
	rootObject = 1B84E8F022D09B9200CA098C /* Project object */;
}
